{
  "name": "canvastest",
  "version": "1.0.0",
  "lockfileVersion": 3,
  "requires": true,
  "packages": {
    "": {
      "name": "canvastest",
      "version": "1.0.0",
      "license": "ISC",
      "dependencies": {
        "@napi-rs/canvas": "^0.1.51"
      }
    },
    "node_modules/@napi-rs/canvas": {
      "version": "0.1.51",
      "resolved": "https://registry.npmjs.org/@napi-rs/canvas/-/canvas-0.1.51.tgz",
      "integrity": "sha512-9cD1BQk0kPrdLxdSPFEL7c9oeNPGZLEDn2F/Ctui7hoIdJLRm34BSW5/88UJbmgWVLM5+Ju/XKM1Rny3z3bhfQ==",
      "engines": {
        "node": ">= 10"
      },
      "optionalDependencies": {
        "@napi-rs/canvas-android-arm64": "0.1.51",
        "@napi-rs/canvas-darwin-arm64": "0.1.51",
        "@napi-rs/canvas-darwin-x64": "0.1.51",
        "@napi-rs/canvas-linux-arm-gnueabihf": "0.1.51",
        "@napi-rs/canvas-linux-arm64-gnu": "0.1.51",
        "@napi-rs/canvas-linux-arm64-musl": "0.1.51",
        "@napi-rs/canvas-linux-x64-gnu": "0.1.51",
        "@napi-rs/canvas-linux-x64-musl": "0.1.51",
        "@napi-rs/canvas-win32-x64-msvc": "0.1.51"
      }
    },
    "node_modules/@napi-rs/canvas-android-arm64": {
      "version": "0.1.51",
      "resolved": "https://registry.npmjs.org/@napi-rs/canvas-android-arm64/-/canvas-android-arm64-0.1.51.tgz",
      "integrity": "sha512-PAUA67PN+DuhvudfeIK+Ts9jnKhqgBrQkoZL9i9gV5tG3064bKOss7AJONGbDWOaSVSrmv6by1vsS25uputLYg==",
      "cpu": [
        "arm64"
      ],
      "optional": true,
      "os": [
        "android"
      ],
      "engines": {
        "node": ">= 10"
      }
    },
    "node_modules/@napi-rs/canvas-darwin-arm64": {
      "version": "0.1.51",
      "resolved": "https://registry.npmjs.org/@napi-rs/canvas-darwin-arm64/-/canvas-darwin-arm64-0.1.51.tgz",
      "integrity": "sha512-HUSeqDqwxGRZ/XwEHdVj1V0d6qhHkMZnmkxZz1dUA1Qe5cl18TzW5LUq03yt4/zP/fYfjkqXCPchRYJoQiXc6g==",
      "cpu": [
        "arm64"
      ],
      "optional": true,
      "os": [
        "darwin"
      ],
      "engines": {
        "node": ">= 10"
      }
    },
    "node_modules/@napi-rs/canvas-darwin-x64": {
      "version": "0.1.51",
      "resolved": "https://registry.npmjs.org/@napi-rs/canvas-darwin-x64/-/canvas-darwin-x64-0.1.51.tgz",
      "integrity": "sha512-HuppKkD3B+DWSAdAvrJjPhuqSX4zZv4kdw9+LDAoNvoYbq1USn96MnwYdIuH+XxNswuVsdBiB45hfK7elLLWjA==",
      "cpu": [
        "x64"
      ],
      "optional": true,
      "os": [
        "darwin"
      ],
      "engines": {
        "node": ">= 10"
      }
    },
    "node_modules/@napi-rs/canvas-linux-arm-gnueabihf": {
      "version": "0.1.51",
      "resolved": "https://registry.npmjs.org/@napi-rs/canvas-linux-arm-gnueabihf/-/canvas-linux-arm-gnueabihf-0.1.51.tgz",
      "integrity": "sha512-Dr92419tDE0E8/bIWT3rdTzAj+C7ySP9HIwtvxTx+X7vJO3G7+D8fTYHe1TpYtiBq81RcMmcqLbpl5DXAPNuIw==",
      "cpu": [
        "arm"
      ],
      "optional": true,
      "os": [
        "linux"
      ],
      "engines": {
        "node": ">= 10"
      }
    },
    "node_modules/@napi-rs/canvas-linux-arm64-gnu": {
      "version": "0.1.51",
      "resolved": "https://registry.npmjs.org/@napi-rs/canvas-linux-arm64-gnu/-/canvas-linux-arm64-gnu-0.1.51.tgz",
      "integrity": "sha512-swv6JPtL72UYc3sne52QvYJ8aU8FQ0OZ3kGrLa7M9u4FUJJREnQ1MhqA8vj1IrdxUIeBZvBvakk+koiA7o/eXw==",
      "cpu": [
        "arm64"
      ],
      "optional": true,
      "os": [
        "linux"
      ],
      "engines": {
        "node": ">= 10"
      }
    },
    "node_modules/@napi-rs/canvas-linux-arm64-musl": {
      "version": "0.1.51",
      "resolved": "https://registry.npmjs.org/@napi-rs/canvas-linux-arm64-musl/-/canvas-linux-arm64-musl-0.1.51.tgz",
      "integrity": "sha512-dKhVNJ3DGX+vf0EnQ6356suRAT3BPxfcmV6DzDjONro54eDoJM1UCb4Ujamq7aCcVu9aYIIoed8i7GNRDknfTA==",
      "cpu": [
        "arm64"
      ],
      "optional": true,
      "os": [
        "linux"
      ],
      "engines": {
        "node": ">= 10"
      }
    },
    "node_modules/@napi-rs/canvas-linux-x64-gnu": {
      "version": "0.1.51",
      "resolved": "https://registry.npmjs.org/@napi-rs/canvas-linux-x64-gnu/-/canvas-linux-x64-gnu-0.1.51.tgz",
      "integrity": "sha512-g6SCDxT1glof0GcZVbfqLEWQQChRulM+pKJW2p2GquCi//MFwqVsjiD9Pld77FYjiXnXfLHavGNZ0oh0AdZM/A==",
      "cpu": [
        "x64"
      ],
      "optional": true,
      "os": [
        "linux"
      ],
      "engines": {
        "node": ">= 10"
      }
    },
    "node_modules/@napi-rs/canvas-linux-x64-musl": {
      "version": "0.1.51",
      "resolved": "https://registry.npmjs.org/@napi-rs/canvas-linux-x64-musl/-/canvas-linux-x64-musl-0.1.51.tgz",
      "integrity": "sha512-YFklknFT2Mj6Wx15NpWag8GKNjC/ca/Uap7Pb56pt0lLe1Vz2/JLxiolmUwnuAN/xcdwuIpUGKmEeLqc4W+/+w==",
      "cpu": [
        "x64"
      ],
      "optional": true,
      "os": [
        "linux"
      ],
      "engines": {
        "node": ">= 10"
      }
    },
    "node_modules/@napi-rs/canvas-win32-x64-msvc": {
      "version": "0.1.51",
      "resolved": "https://registry.npmjs.org/@napi-rs/canvas-win32-x64-msvc/-/canvas-win32-x64-msvc-0.1.51.tgz",
      "integrity": "sha512-n+sgQ6hr1hgxAFIozUhgSlsswFxOl51HNuMAz1EA9M+jh6yIMopO+6RV55j6yYX0Vxkqbj9wkkaEIC3uQisGAg==",
      "cpu": [
        "x64"
      ],
      "optional": true,
      "os": [
        "win32"
      ],
      "engines": {
        "node": ">= 10"
      }
    }
  }
}
